
Microsoft Visual Studio Solution File, Format Version 12.00
# Visual Studio 15
VisualStudioVersion = 15.0.27703.2035
MinimumVisualStudioVersion = 10.0.40219.1
Project("{FAE04EC0-301F-11D3-BF4B-00C04F79EFBC}") = "Program", "ExcelMBOT\Program.csproj", "{D7CD9324-9D2F-48CD-9A5B-F2099FA0864E}"
EndProject
Project("{FAE04EC0-301F-11D3-BF4B-00C04F79EFBC}") = "ExcelMBOT", "ClassLibrary1\ExcelMBOT.csproj", "{7C4E19AD-688A-49C9-A210-302604978FDA}"
EndProject
Global
	GlobalSection(SolutionConfigurationPlatforms) = preSolution
		Debug|Any CPU = Debug|Any CPU
		Release|Any CPU = Release|Any CPU
	EndGlobalSection
	GlobalSection(ProjectConfigurationPlatforms) = postSolution
		{D7CD9324-9D2F-48CD-9A5B-F2099FA0864E}.Debug|Any CPU.ActiveCfg = Debug|Any CPU
		{D7CD9324-9D2F-48CD-9A5B-F2099FA0864E}.Debug|Any CPU.Build.0 = Debug|Any CPU
		{D7CD9324-9D2F-48CD-9A5B-F2099FA0864E}.Release|Any CPU.ActiveCfg = Release|Any CPU
		{D7CD9324-9D2F-48CD-9A5B-F2099FA0864E}.Release|Any CPU.Build.0 = Release|Any CPU
		{7C4E19AD-688A-49C9-A210-302604978FDA}.Debug|Any CPU.ActiveCfg = Debug|Any CPU
		{7C4E19AD-688A-49C9-A210-302604978FDA}.Debug|Any CPU.Build.0 = Debug|Any CPU
		{7C4E19AD-688A-49C9-A210-302604978FDA}.Release|Any CPU.ActiveCfg = Release|Any CPU
		{7C4E19AD-688A-49C9-A210-302604978FDA}.Release|Any CPU.Build.0 = Release|Any CPU
	EndGlobalSection
	GlobalSection(SolutionProperties) = preSolution
		HideSolutionNode = FALSE
	EndGlobalSection
	GlobalSection(ExtensibilityGlobals) = postSolution
		SolutionGuid = {14A1E61D-8D07-4A99-BBB5-8550BE0E571F}
	EndGlobalSection
EndGlobal
